
Microsoft Visual Studio Solution File, Format Version 12.00
# Visual Studio Version 16
VisualStudioVersion = 16.0.31112.23
MinimumVisualStudioVersion = 10.0.40219.1
Project("{FAE04EC0-301F-11D3-BF4B-00C04F79EFBC}") = "DirectoryTest2", "DirectoryTest2\DirectoryTest2.csproj", "{348F69EB-23EA-41AD-B7B4-C307CE8EF51D}"
EndProject
Global
	GlobalSection(SolutionConfigurationPlatforms) = preSolution
		Debug|Any CPU = Debug|Any CPU
		Release|Any CPU = Release|Any CPU
	EndGlobalSection
	GlobalSection(ProjectConfigurationPlatforms) = postSolution
		{348F69EB-23EA-41AD-B7B4-C307CE8EF51D}.Debug|Any CPU.ActiveCfg = Debug|Any CPU
		{348F69EB-23EA-41AD-B7B4-C307CE8EF51D}.Debug|Any CPU.Build.0 = Debug|Any CPU
		{348F69EB-23EA-41AD-B7B4-C307CE8EF51D}.Release|Any CPU.ActiveCfg = Release|Any CPU
		{348F69EB-23EA-41AD-B7B4-C307CE8EF51D}.Release|Any CPU.Build.0 = Release|Any CPU
	EndGlobalSection
	GlobalSection(SolutionProperties) = preSolution
		HideSolutionNode = FALSE
	EndGlobalSection
	GlobalSection(ExtensibilityGlobals) = postSolution
		SolutionGuid = {079A3EA6-55E0-402B-9A9E-F1756D4582DF}
	EndGlobalSection
EndGlobal
